
Microsoft Visual Studio Solution File, Format Version 12.00
# Visual Studio Version 17
VisualStudioVersion = 17.6.33723.286
MinimumVisualStudioVersion = 10.0.40219.1
Project("{9A19103F-16F7-4668-BE54-9A1E7A4F7556}") = "PDF tools", "PDF tools.csproj", "{BD94F72C-73D5-4E7D-BBE0-DF75EBB46A60}"
EndProject
Project("{54435603-DBB4-11D2-8724-00A0C9A8B90C}") = "Setup", "Setup\Setup.vdproj", "{2B6CCC84-5FCB-43DE-873E-32803F74BA6C}"
EndProject
Global
	GlobalSection(SolutionConfigurationPlatforms) = preSolution
		Debug|Any CPU = Debug|Any CPU
		Debug|x64 = Debug|x64
		Release|Any CPU = Release|Any CPU
		Release|x64 = Release|x64
	EndGlobalSection
	GlobalSection(ProjectConfigurationPlatforms) = postSolution
		{BD94F72C-73D5-4E7D-BBE0-DF75EBB46A60}.Debug|Any CPU.ActiveCfg = Debug|Any CPU
		{BD94F72C-73D5-4E7D-BBE0-DF75EBB46A60}.Debug|Any CPU.Build.0 = Debug|Any CPU
		{BD94F72C-73D5-4E7D-BBE0-DF75EBB46A60}.Debug|x64.ActiveCfg = Debug|x64
		{BD94F72C-73D5-4E7D-BBE0-DF75EBB46A60}.Debug|x64.Build.0 = Debug|x64
		{BD94F72C-73D5-4E7D-BBE0-DF75EBB46A60}.Release|Any CPU.ActiveCfg = Release|Any CPU
		{BD94F72C-73D5-4E7D-BBE0-DF75EBB46A60}.Release|Any CPU.Build.0 = Release|Any CPU
		{BD94F72C-73D5-4E7D-BBE0-DF75EBB46A60}.Release|x64.ActiveCfg = Release|x64
		{BD94F72C-73D5-4E7D-BBE0-DF75EBB46A60}.Release|x64.Build.0 = Release|x64
		{2B6CCC84-5FCB-43DE-873E-32803F74BA6C}.Debug|Any CPU.ActiveCfg = Debug
		{2B6CCC84-5FCB-43DE-873E-32803F74BA6C}.Debug|x64.ActiveCfg = Debug
		{2B6CCC84-5FCB-43DE-873E-32803F74BA6C}.Debug|x64.Build.0 = Debug
		{2B6CCC84-5FCB-43DE-873E-32803F74BA6C}.Release|Any CPU.ActiveCfg = Release
		{2B6CCC84-5FCB-43DE-873E-32803F74BA6C}.Release|x64.ActiveCfg = Release
		{2B6CCC84-5FCB-43DE-873E-32803F74BA6C}.Release|x64.Build.0 = Release
	EndGlobalSection
	GlobalSection(SolutionProperties) = preSolution
		HideSolutionNode = FALSE
	EndGlobalSection
	GlobalSection(ExtensibilityGlobals) = postSolution
		SolutionGuid = {42488F04-E6B7-47C8-B44D-7CAA189C789B}
	EndGlobalSection
EndGlobal
